
Microsoft Visual Studio Solution File, Format Version 12.00
# Visual Studio Version 16
VisualStudioVersion = 16.0.31729.503
MinimumVisualStudioVersion = 10.0.40219.1
Project("{FAE04EC0-301F-11D3-BF4B-00C04F79EFBC}") = "ConsoleApp", "ConsoleApp.csproj", "{DD192D89-FB33-41C5-A7C9-B9D4D3DF3CE0}"
EndProject
Project("{FAE04EC0-301F-11D3-BF4B-00C04F79EFBC}") = "Domain", "..\Domain\Domain.csproj", "{3F043347-48E2-415F-AB39-07959C51761C}"
EndProject
Project("{FAE04EC0-301F-11D3-BF4B-00C04F79EFBC}") = "Persistence", "..\Persistence\Persistence.csproj", "{BC8E4B3E-B05B-4CDE-AE65-34281AB7736A}"
EndProject
Project("{2150E333-8FDC-42A3-9474-1A3956D46DE8}") = "Presentation", "Presentation", "{2DAF702A-4C8A-4F9D-988A-43E4694230C4}"
EndProject
Project("{2150E333-8FDC-42A3-9474-1A3956D46DE8}") = "Logic", "Logic", "{7F0B96C8-FAD7-4D16-8FF8-CF065D5BE1DB}"
EndProject
Global
	GlobalSection(SolutionConfigurationPlatforms) = preSolution
		Debug|Any CPU = Debug|Any CPU
		Release|Any CPU = Release|Any CPU
	EndGlobalSection
	GlobalSection(ProjectConfigurationPlatforms) = postSolution
		{DD192D89-FB33-41C5-A7C9-B9D4D3DF3CE0}.Debug|Any CPU.ActiveCfg = Debug|Any CPU
		{DD192D89-FB33-41C5-A7C9-B9D4D3DF3CE0}.Debug|Any CPU.Build.0 = Debug|Any CPU
		{DD192D89-FB33-41C5-A7C9-B9D4D3DF3CE0}.Release|Any CPU.ActiveCfg = Release|Any CPU
		{DD192D89-FB33-41C5-A7C9-B9D4D3DF3CE0}.Release|Any CPU.Build.0 = Release|Any CPU
		{3F043347-48E2-415F-AB39-07959C51761C}.Debug|Any CPU.ActiveCfg = Debug|Any CPU
		{3F043347-48E2-415F-AB39-07959C51761C}.Debug|Any CPU.Build.0 = Debug|Any CPU
		{3F043347-48E2-415F-AB39-07959C51761C}.Release|Any CPU.ActiveCfg = Release|Any CPU
		{3F043347-48E2-415F-AB39-07959C51761C}.Release|Any CPU.Build.0 = Release|Any CPU
		{BC8E4B3E-B05B-4CDE-AE65-34281AB7736A}.Debug|Any CPU.ActiveCfg = Debug|Any CPU
		{BC8E4B3E-B05B-4CDE-AE65-34281AB7736A}.Debug|Any CPU.Build.0 = Debug|Any CPU
		{BC8E4B3E-B05B-4CDE-AE65-34281AB7736A}.Release|Any CPU.ActiveCfg = Release|Any CPU
		{BC8E4B3E-B05B-4CDE-AE65-34281AB7736A}.Release|Any CPU.Build.0 = Release|Any CPU
	EndGlobalSection
	GlobalSection(SolutionProperties) = preSolution
		HideSolutionNode = FALSE
	EndGlobalSection
	GlobalSection(NestedProjects) = preSolution
		{DD192D89-FB33-41C5-A7C9-B9D4D3DF3CE0} = {2DAF702A-4C8A-4F9D-988A-43E4694230C4}
		{3F043347-48E2-415F-AB39-07959C51761C} = {7F0B96C8-FAD7-4D16-8FF8-CF065D5BE1DB}
		{BC8E4B3E-B05B-4CDE-AE65-34281AB7736A} = {7F0B96C8-FAD7-4D16-8FF8-CF065D5BE1DB}
	EndGlobalSection
	GlobalSection(ExtensibilityGlobals) = postSolution
		SolutionGuid = {C77C8393-B6C7-4BA0-8CF3-0E60AA7474A9}
	EndGlobalSection
EndGlobal
