
Microsoft Visual Studio Solution File, Format Version 12.00
# Visual Studio Version 16
VisualStudioVersion = 16.0.31025.194
MinimumVisualStudioVersion = 10.0.40219.1
Project("{FAE04EC0-301F-11D3-BF4B-00C04F79EFBC}") = "FilmDB", "FilmDB.csproj", "{0A83D4E8-73CD-4FDD-B3BE-16652705AA63}"
EndProject
Global
	GlobalSection(SolutionConfigurationPlatforms) = preSolution
		Debug|Any CPU = Debug|Any CPU
		Release|Any CPU = Release|Any CPU
	EndGlobalSection
	GlobalSection(ProjectConfigurationPlatforms) = postSolution
		{0A83D4E8-73CD-4FDD-B3BE-16652705AA63}.Debug|Any CPU.ActiveCfg = Debug|Any CPU
		{0A83D4E8-73CD-4FDD-B3BE-16652705AA63}.Debug|Any CPU.Build.0 = Debug|Any CPU
		{0A83D4E8-73CD-4FDD-B3BE-16652705AA63}.Release|Any CPU.ActiveCfg = Release|Any CPU
		{0A83D4E8-73CD-4FDD-B3BE-16652705AA63}.Release|Any CPU.Build.0 = Release|Any CPU
	EndGlobalSection
	GlobalSection(SolutionProperties) = preSolution
		HideSolutionNode = FALSE
	EndGlobalSection
	GlobalSection(ExtensibilityGlobals) = postSolution
		SolutionGuid = {4F9DD63B-B1E5-42D3-97BF-D3EDA36128F8}
	EndGlobalSection
EndGlobal
